// !$*UTF8*$!
{
	archiveVersion = 1;
	classes = {
	};
	objectVersion = 46;
	objects = {

/* Begin PBXBuildFile section */
		E94828331EB5D45400F2D501 /* AppDelegate.swift in Sources */ = {isa = PBXBuildFile; fileRef = E94828321EB5D45400F2D501 /* AppDelegate.swift */; };
		E94828351EB5D45400F2D501 /* ViewController.swift in Sources */ = {isa = PBXBuildFile; fileRef = E94828341EB5D45400F2D501 /* ViewController.swift */; };
		E94828381EB5D45400F2D501 /* Main.storyboard in Resources */ = {isa = PBXBuildFile; fileRef = E94828361EB5D45400F2D501 /* Main.storyboard */; };
		E948283A1EB5D45400F2D501 /* Assets.xcassets in Resources */ = {isa = PBXBuildFile; fileRef = E94828391EB5D45400F2D501 /* Assets.xcassets */; };
		E948283D1EB5D45400F2D501 /* LaunchScreen.storyboard in Resources */ = {isa = PBXBuildFile; fileRef = E948283B1EB5D45400F2D501 /* LaunchScreen.storyboard */; };
		E94828481EB5D45400F2D501 /* CustomTableViewTests.swift in Sources */ = {isa = PBXBuildFile; fileRef = E94828471EB5D45400F2D501 /* CustomTableViewTests.swift */; };
		E94828531EB5D45400F2D501 /* CustomTableViewUITests.swift in Sources */ = {isa = PBXBuildFile; fileRef = E94828521EB5D45400F2D501 /* CustomTableViewUITests.swift */; };
/* End PBXBuildFile section */

/* Begin PBXContainerItemProxy section */
		E94828441EB5D45400F2D501 /* PBXContainerItemProxy */ = {
			isa = PBXContainerItemProxy;
			containerPortal = E94828271EB5D45400F2D501 /* Project object */;
			proxyType = 1;
			remoteGlobalIDString = E948282E1EB5D45400F2D501;
			remoteInfo = CustomTableView;
		};
		E948284F1EB5D45400F2D501 /* PBXContainerItemProxy */ = {
			isa = PBXContainerItemProxy;
			containerPortal = E94828271EB5D45400F2D501 /* Project object */;
			proxyType = 1;
			remoteGlobalIDString = E948282E1EB5D45400F2D501;
			remoteInfo = CustomTableView;
		};
/* End PBXContainerItemProxy section */

/* Begin PBXFileReference section */
		E948282F1EB5D45400F2D501 /* CustomTableView.app */ = {isa = PBXFileReference; explicitFileType = wrapper.application; includeInIndex = 0; path = CustomTableView.app; sourceTree = BUILT_PRODUCTS_DIR; };
		E94828321EB5D45400F2D501 /* AppDelegate.swift */ = {isa = PBXFileReference; lastKnownFileType = sourcecode.swift; path = AppDelegate.swift; sourceTree = "<group>"; };
		E94828341EB5D45400F2D501 /* ViewController.swift */ = {isa = PBXFileReference; lastKnownFileType = sourcecode.swift; path = ViewController.swift; sourceTree = "<group>"; };
		E94828371EB5D45400F2D501 /* Base */ = {isa = PBXFileReference; lastKnownFileType = file.storyboard; name = Base; path = Base.lproj/Main.storyboard; sourceTree = "<group>"; };
		E94828391EB5D45400F2D501 /* Assets.xcassets */ = {isa = PBXFileReference; lastKnownFileType = folder.assetcatalog; path = Assets.xcassets; sourceTree = "<group>"; };
		E948283C1EB5D45400F2D501 /* Base */ = {isa = PBXFileReference; lastKnownFileType = file.storyboard; name = Base; path = Base.lproj/LaunchScreen.storyboard; sourceTree = "<group>"; };
		E948283E1EB5D45400F2D501 /* Info.plist */ = {isa = PBXFileReference; lastKnownFileType = text.plist.xml; path = Info.plist; sourceTree = "<group>"; };
		E94828431EB5D45400F2D501 /* CustomTableViewTests.xctest */ = {isa = PBXFileReference; explicitFileType = wrapper.cfbundle; includeInIndex = 0; path = CustomTableViewTests.xctest; sourceTree = BUILT_PRODUCTS_DIR; };
		E94828471EB5D45400F2D501 /* CustomTableViewTests.swift */ = {isa = PBXFileReference; lastKnownFileType = sourcecode.swift; path = CustomTableViewTests.swift; sourceTree = "<group>"; };
		E94828491EB5D45400F2D501 /* Info.plist */ = {isa = PBXFileReference; lastKnownFileType = text.plist.xml; path = Info.plist; sourceTree = "<group>"; };
		E948284E1EB5D45400F2D501 /* CustomTableViewUITests.xctest */ = {isa = PBXFileReference; explicitFileType = wrapper.cfbundle; includeInIndex = 0; path = CustomTableViewUITests.xctest; sourceTree = BUILT_PRODUCTS_DIR; };
		E94828521EB5D45400F2D501 /* CustomTableViewUITests.swift */ = {isa = PBXFileReference; lastKnownFileType = sourcecode.swift; path = CustomTableViewUITests.swift; sourceTree = "<group>"; };
		E94828541EB5D45400F2D501 /* Info.plist */ = {isa = PBXFileReference; lastKnownFileType = text.plist.xml; path = Info.plist; sourceTree = "<group>"; };
/* End PBXFileReference section */

/* Begin PBXFrameworksBuildPhase section */
		E948282C1EB5D45400F2D501 /* Frameworks */ = {
			isa = PBXFrameworksBuildPhase;
			buildActionMask = 2147483647;
			files = (
			);
			runOnlyForDeploymentPostprocessing = 0;
		};
		E94828401EB5D45400F2D501 /* Frameworks */ = {
			isa = PBXFrameworksBuildPhase;
			buildActionMask = 2147483647;
			files = (
			);
			runOnlyForDeploymentPostprocessing = 0;
		};
		E948284B1EB5D45400F2D501 /* Frameworks */ = {
			isa = PBXFrameworksBuildPhase;
			buildActionMask = 2147483647;
			files = (
			);
			runOnlyForDeploymentPostprocessing = 0;
		};
/* End PBXFrameworksBuildPhase section */

/* Begin PBXGroup section */
		E94828261EB5D45400F2D501 = {
			isa = PBXGroup;
			children = (
				E94828311EB5D45400F2D501 /* CustomTableView */,
				E94828461EB5D45400F2D501 /* CustomTableViewTests */,
				E94828511EB5D45400F2D501 /* CustomTableViewUITests */,
				E94828301EB5D45400F2D501 /* Products */,
			);
			sourceTree = "<group>";
		};
		E94828301EB5D45400F2D501 /* Products */ = {
			isa = PBXGroup;
			children = (
				E948282F1EB5D45400F2D501 /* CustomTableView.app */,
				E94828431EB5D45400F2D501 /* CustomTableViewTests.xctest */,
				E948284E1EB5D45400F2D501 /* CustomTableViewUITests.xctest */,
			);
			name = Products;
			sourceTree = "<group>";
		};
		E94828311EB5D45400F2D501 /* CustomTableView */ = {
			isa = PBXGroup;
			children = (
				E94828321EB5D45400F2D501 /* AppDelegate.swift */,
				E94828341EB5D45400F2D501 /* ViewController.swift */,
				E94828361EB5D45400F2D501 /* Main.storyboard */,
				E94828391EB5D45400F2D501 /* Assets.xcassets */,
				E948283B1EB5D45400F2D501 /* LaunchScreen.storyboard */,
				E948283E1EB5D45400F2D501 /* Info.plist */,
			);
			path = CustomTableView;
			sourceTree = "<group>";
		};
		E94828461EB5D45400F2D501 /* CustomTableViewTests */ = {
			isa = PBXGroup;
			children = (
				E94828471EB5D45400F2D501 /* CustomTableViewTests.swift */,
				E94828491EB5D45400F2D501 /* Info.plist */,
			);
			path = CustomTableViewTests;
			sourceTree = "<group>";
		};
		E94828511EB5D45400F2D501 /* CustomTableViewUITests */ = {
			isa = PBXGroup;
			children = (
				E94828521EB5D45400F2D501 /* CustomTableViewUITests.swift */,
				E94828541EB5D45400F2D501 /* Info.plist */,
			);
			path = CustomTableViewUITests;
			sourceTree = "<group>";
		};
/* End PBXGroup section */

/* Begin PBXNativeTarget section */
		E948282E1EB5D45400F2D501 /* CustomTableView */ = {
			isa = PBXNativeTarget;
			buildConfigurationList = E94828571EB5D45400F2D501 /* Build configuration list for PBXNativeTarget "CustomTableView" */;
			buildPhases = (
				E948282B1EB5D45400F2D501 /* Sources */,
				E948282C1EB5D45400F2D501 /* Frameworks */,
				E948282D1EB5D45400F2D501 /* Resources */,
			);
			buildRules = (
			);
			dependencies = (
			);
			name = CustomTableView;
			productName = CustomTableView;
			productReference = E948282F1EB5D45400F2D501 /* CustomTableView.app */;
			productType = "com.apple.product-type.application";
		};
		E94828421EB5D45400F2D501 /* CustomTableViewTests */ = {
			isa = PBXNativeTarget;
			buildConfigurationList = E948285A1EB5D45400F2D501 /* Build configuration list for PBXNativeTarget "CustomTableViewTests" */;
			buildPhases = (
				E948283F1EB5D45400F2D501 /* Sources */,
				E94828401EB5D45400F2D501 /* Frameworks */,
				E94828411EB5D45400F2D501 /* Resources */,
			);
			buildRules = (
			);
			dependencies = (
				E94828451EB5D45400F2D501 /* PBXTargetDependency */,
			);
			name = CustomTableViewTests;
			productName = CustomTableViewTests;
			productReference = E94828431EB5D45400F2D501 /* CustomTableViewTests.xctest */;
			productType = "com.apple.product-type.bundle.unit-test";
		};
		E948284D1EB5D45400F2D501 /* CustomTableViewUITests */ = {
			isa = PBXNativeTarget;
			buildConfigurationList = E948285D1EB5D45400F2D501 /* Build configuration list for PBXNativeTarget "CustomTableViewUITests" */;
			buildPhases = (
				E948284A1EB5D45400F2D501 /* Sources */,
				E948284B1EB5D45400F2D501 /* Frameworks */,
				E948284C1EB5D45400F2D501 /* Resources */,
			);
			buildRules = (
			);
			dependencies = (
				E94828501EB5D45400F2D501 /* PBXTargetDependency */,
			);
			name = CustomTableViewUITests;
			productName = CustomTableViewUITests;
			productReference = E948284E1EB5D45400F2D501 /* CustomTableViewUITests.xctest */;
			productType = "com.apple.product-type.bundle.ui-testing";
		};
/* End PBXNativeTarget section */

/* Begin PBXProject section */
		E94828271EB5D45400F2D501 /* Project object */ = {
			isa = PBXProject;
			attributes = {
				LastSwiftUpdateCheck = 0830;
				LastUpgradeCheck = 0830;
				ORGANIZATIONNAME = nanami;
				TargetAttributes = {
					E948282E1EB5D45400F2D501 = {
						CreatedOnToolsVersion = 8.3.2;
						ProvisioningStyle = Automatic;
					};
					E94828421EB5D45400F2D501 = {
						CreatedOnToolsVersion = 8.3.2;
						ProvisioningStyle = Automatic;
						TestTargetID = E948282E1EB5D45400F2D501;
					};
					E948284D1EB5D45400F2D501 = {
						CreatedOnToolsVersion = 8.3.2;
						ProvisioningStyle = Automatic;
						TestTargetID = E948282E1EB5D45400F2D501;
					};
				};
			};
			buildConfigurationList = E948282A1EB5D45400F2D501 /* Build configuration list for PBXProject "CustomTableView" */;
			compatibilityVersion = "Xcode 3.2";
			developmentRegion = English;
			hasScannedForEncodings = 0;
			knownRegions = (
				en,
				Base,
			);
			mainGroup = E94828261EB5D45400F2D501;
			productRefGroup = E94828301EB5D45400F2D501 /* Products */;
			projectDirPath = "";
			projectRoot = "";
			targets = (
				E948282E1EB5D45400F2D501 /* CustomTableView */,
				E94828421EB5D45400F2D501 /* CustomTableViewTests */,
				E948284D1EB5D45400F2D501 /* CustomTableViewUITests */,
			);
		};
/* End PBXProject section */

/* Begin PBXResourcesBuildPhase section */
		E948282D1EB5D45400F2D501 /* Resources */ = {
			isa = PBXResourcesBuildPhase;
			buildActionMask = 2147483647;
			files = (
				E948283D1EB5D45400F2D501 /* LaunchScreen.storyboard in Resources */,
				E948283A1EB5D45400F2D501 /* Assets.xcassets in Resources */,
				E94828381EB5D45400F2D501 /* Main.storyboard in Resources */,
			);
			runOnlyForDeploymentPostprocessing = 0;
		};
		E94828411EB5D45400F2D501 /* Resources */ = {
			isa = PBXResourcesBuildPhase;
			buildActionMask = 2147483647;
			files = (
			);
			runOnlyForDeploymentPostprocessing = 0;
		};
		E948284C1EB5D45400F2D501 /* Resources */ = {
			isa = PBXResourcesBuildPhase;
			buildActionMask = 2147483647;
			files = (
			);
			runOnlyForDeploymentPostprocessing = 0;
		};
/* End PBXResourcesBuildPhase section */

/* Begin PBXSourcesBuildPhase section */
		E948282B1EB5D45400F2D501 /* Sources */ = {
			isa = PBXSourcesBuildPhase;
			buildActionMask = 2147483647;
			files = (
				E94828351EB5D45400F2D501 /* ViewController.swift in Sources */,
				E94828331EB5D45400F2D501 /* AppDelegate.swift in Sources */,
			);
			runOnlyForDeploymentPostprocessing = 0;
		};
		E948283F1EB5D45400F2D501 /* Sources */ = {
			isa = PBXSourcesBuildPhase;
			buildActionMask = 2147483647;
			files = (
				E94828481EB5D45400F2D501 /* CustomTableViewTests.swift in Sources */,
			);
			runOnlyForDeploymentPostprocessing = 0;
		};
		E948284A1EB5D45400F2D501 /* Sources */ = {
			isa = PBXSourcesBuildPhase;
			buildActionMask = 2147483647;
			files = (
				E94828531EB5D45400F2D501 /* CustomTableViewUITests.swift in Sources */,
			);
			runOnlyForDeploymentPostprocessing = 0;
		};
/* End PBXSourcesBuildPhase section */

/* Begin PBXTargetDependency section */
		E94828451EB5D45400F2D501 /* PBXTargetDependency */ = {
			isa = PBXTargetDependency;
			target = E948282E1EB5D45400F2D501 /* CustomTableView */;
			targetProxy = E94828441EB5D45400F2D501 /* PBXContainerItemProxy */;
		};
		E94828501EB5D45400F2D501 /* PBXTargetDependency */ = {
			isa = PBXTargetDependency;
			target = E948282E1EB5D45400F2D501 /* CustomTableView */;
			targetProxy = E948284F1EB5D45400F2D501 /* PBXContainerItemProxy */;
		};
/* End PBXTargetDependency section */

/* Begin PBXVariantGroup section */
		E94828361EB5D45400F2D501 /* Main.storyboard */ = {
			isa = PBXVariantGroup;
			children = (
				E94828371EB5D45400F2D501 /* Base */,
			);
			name = Main.storyboard;
			sourceTree = "<group>";
		};
		E948283B1EB5D45400F2D501 /* LaunchScreen.storyboard */ = {
			isa = PBXVariantGroup;
			children = (
				E948283C1EB5D45400F2D501 /* Base */,
			);
			name = LaunchScreen.storyboard;
			sourceTree = "<group>";
		};
/* End PBXVariantGroup section */

/* Begin XCBuildConfiguration section */
		E94828551EB5D45400F2D501 /* Debug */ = {
			isa = XCBuildConfiguration;
			buildSettings = {
				ALWAYS_SEARCH_USER_PATHS = NO;
				CLANG_ANALYZER_NONNULL = YES;
				CLANG_ANALYZER_NUMBER_OBJECT_CONVERSION = YES_AGGRESSIVE;
				CLANG_CXX_LANGUAGE_STANDARD = "gnu++0x";
				CLANG_CXX_LIBRARY = "libc++";
				CLANG_ENABLE_MODULES = YES;
				CLANG_ENABLE_OBJC_ARC = YES;
				CLANG_WARN_BOOL_CONVERSION = YES;
				CLANG_WARN_CONSTANT_CONVERSION = YES;
				CLANG_WARN_DIRECT_OBJC_ISA_USAGE = YES_ERROR;
				CLANG_WARN_DOCUMENTATION_COMMENTS = YES;
				CLANG_WARN_EMPTY_BODY = YES;
				CLANG_WARN_ENUM_CONVERSION = YES;
				CLANG_WARN_INFINITE_RECURSION = YES;
				CLANG_WARN_INT_CONVERSION = YES;
				CLANG_WARN_OBJC_ROOT_CLASS = YES_ERROR;
				CLANG_WARN_SUSPICIOUS_MOVE = YES;
				CLANG_WARN_UNREACHABLE_CODE = YES;
				CLANG_WARN__DUPLICATE_METHOD_MATCH = YES;
				"CODE_SIGN_IDENTITY[sdk=iphoneos*]" = "iPhone Developer";
				COPY_PHASE_STRIP = NO;
				DEBUG_INFORMATION_FORMAT = dwarf;
				ENABLE_STRICT_OBJC_MSGSEND = YES;
				ENABLE_TESTABILITY = YES;
				GCC_C_LANGUAGE_STANDARD = gnu99;
				GCC_DYNAMIC_NO_PIC = NO;
				GCC_NO_COMMON_BLOCKS = YES;
				GCC_OPTIMIZATION_LEVEL = 0;
				GCC_PREPROCESSOR_DEFINITIONS = (
					"DEBUG=1",
					"$(inherited)",
				);
				GCC_WARN_64_TO_32_BIT_CONVERSION = YES;
				GCC_WARN_ABOUT_RETURN_TYPE = YES_ERROR;
				GCC_WARN_UNDECLARED_SELECTOR = YES;
				GCC_WARN_UNINITIALIZED_AUTOS = YES_AGGRESSIVE;
				GCC_WARN_UNUSED_FUNCTION = YES;
				GCC_WARN_UNUSED_VARIABLE = YES;
				IPHONEOS_DEPLOYMENT_TARGET = 10.3;
				MTL_ENABLE_DEBUG_INFO = YES;
				ONLY_ACTIVE_ARCH = YES;
				SDKROOT = iphoneos;
				SWIFT_ACTIVE_COMPILATION_CONDITIONS = DEBUG;
				SWIFT_OPTIMIZATION_LEVEL = "-Onone";
			};
			name = Debug;
		};
		E94828561EB5D45400F2D501 /* Release */ = {
			isa = XCBuildConfiguration;
			buildSettings = {
				ALWAYS_SEARCH_USER_PATHS = NO;
				CLANG_ANALYZER_NONNULL = YES;
				CLANG_ANALYZER_NUMBER_OBJECT_CONVERSION = YES_AGGRESSIVE;
				CLANG_CXX_LANGUAGE_STANDARD = "gnu++0x";
				CLANG_CXX_LIBRARY = "libc++";
				CLANG_ENABLE_MODULES = YES;
				CLANG_ENABLE_OBJC_ARC = YES;
				CLANG_WARN_BOOL_CONVERSION = YES;
				CLANG_WARN_CONSTANT_CONVERSION = YES;
				CLANG_WARN_DIRECT_OBJC_ISA_USAGE = YES_ERROR;
				CLANG_WARN_DOCUMENTATION_COMMENTS = YES;
				CLANG_WARN_EMPTY_BODY = YES;
				CLANG_WARN_ENUM_CONVERSION = YES;
				CLANG_WARN_INFINITE_RECURSION = YES;
				CLANG_WARN_INT_CONVERSION = YES;
				CLANG_WARN_OBJC_ROOT_CLASS = YES_ERROR;
				CLANG_WARN_SUSPICIOUS_MOVE = YES;
				CLANG_WARN_UNREACHABLE_CODE = YES;
				CLANG_WARN__DUPLICATE_METHOD_MATCH = YES;
				"CODE_SIGN_IDENTITY[sdk=iphoneos*]" = "iPhone Developer";
				COPY_PHASE_STRIP = NO;
				DEBUG_INFORMATION_FORMAT = "dwarf-with-dsym";
				ENABLE_NS_ASSERTIONS = NO;
				ENABLE_STRICT_OBJC_MSGSEND = YES;
				GCC_C_LANGUAGE_STANDARD = gnu99;
				GCC_NO_COMMON_BLOCKS = YES;
				GCC_WARN_64_TO_32_BIT_CONVERSION = YES;
				GCC_WARN_ABOUT_RETURN_TYPE = YES_ERROR;
				GCC_WARN_UNDECLARED_SELECTOR = YES;
				GCC_WARN_UNINITIALIZED_AUTOS = YES_AGGRESSIVE;
				GCC_WARN_UNUSED_FUNCTION = YES;
				GCC_WARN_UNUSED_VARIABLE = YES;
				IPHONEOS_DEPLOYMENT_TARGET = 10.3;
				MTL_ENABLE_DEBUG_INFO = NO;
				SDKROOT = iphoneos;
				SWIFT_OPTIMIZATION_LEVEL = "-Owholemodule";
				VALIDATE_PRODUCT = YES;
			};
			name = Release;
		};
		E94828581EB5D45400F2D501 /* Debug */ = {
			isa = XCBuildConfiguration;
			buildSettings = {
				ASSETCATALOG_COMPILER_APPICON_NAME = AppIcon;
				INFOPLIST_FILE = CustomTableView/Info.plist;
				LD_RUNPATH_SEARCH_PATHS = "$(inherited) @executable_path/Frameworks";
				PRODUCT_BUNDLE_IDENTIFIER = com.tomozoe.CustomTableView;
				PRODUCT_NAME = "$(TARGET_NAME)";
				SWIFT_VERSION = 3.0;
			};
			name = Debug;
		};
		E94828591EB5D45400F2D501 /* Release */ = {
			isa = XCBuildConfiguration;
			buildSettings = {
				ASSETCATALOG_COMPILER_APPICON_NAME = AppIcon;
				INFOPLIST_FILE = CustomTableView/Info.plist;
				LD_RUNPATH_SEARCH_PATHS = "$(inherited) @executable_path/Frameworks";
				PRODUCT_BUNDLE_IDENTIFIER = com.tomozoe.CustomTableView;
				PRODUCT_NAME = "$(TARGET_NAME)";
				SWIFT_VERSION = 3.0;
			};
			name = Release;
		};
		E948285B1EB5D45400F2D501 /* Debug */ = {
			isa = XCBuildConfiguration;
			buildSettings = {
				ALWAYS_EMBED_SWIFT_STANDARD_LIBRARIES = YES;
				BUNDLE_LOADER = "$(TEST_HOST)";
				INFOPLIST_FILE = CustomTableViewTests/Info.plist;
				LD_RUNPATH_SEARCH_PATHS = "$(inherited) @executable_path/Frameworks @loader_path/Frameworks";
				PRODUCT_BUNDLE_IDENTIFIER = com.tomozoe.CustomTableViewTests;
				PRODUCT_NAME = "$(TARGET_NAME)";
				SWIFT_VERSION = 3.0;
				TEST_HOST = "$(BUILT_PRODUCTS_DIR)/CustomTableView.app/CustomTableView";
			};
			name = Debug;
		};
		E948285C1EB5D45400F2D501 /* Release */ = {
			isa = XCBuildConfiguration;
			buildSettings = {
				ALWAYS_EMBED_SWIFT_STANDARD_LIBRARIES = YES;
				BUNDLE_LOADER = "$(TEST_HOST)";
				INFOPLIST_FILE = CustomTableViewTests/Info.plist;
				LD_RUNPATH_SEARCH_PATHS = "$(inherited) @executable_path/Frameworks @loader_path/Frameworks";
				PRODUCT_BUNDLE_IDENTIFIER = com.tomozoe.CustomTableViewTests;
				PRODUCT_NAME = "$(TARGET_NAME)";
				SWIFT_VERSION = 3.0;
				TEST_HOST = "$(BUILT_PRODUCTS_DIR)/CustomTableView.app/CustomTableView";
			};
			name = Release;
		};
		E948285E1EB5D45400F2D501 /* Debug */ = {
			isa = XCBuildConfiguration;
			buildSettings = {
				ALWAYS_EMBED_SWIFT_STANDARD_LIBRARIES = YES;
				INFOPLIST_FILE = CustomTableViewUITests/Info.plist;
				LD_RUNPATH_SEARCH_PATHS = "$(inherited) @executable_path/Frameworks @loader_path/Frameworks";
				PRODUCT_BUNDLE_IDENTIFIER = com.tomozoe.CustomTableViewUITests;
				PRODUCT_NAME = "$(TARGET_NAME)";
				SWIFT_VERSION = 3.0;
				TEST_TARGET_NAME = CustomTableView;
			};
			name = Debug;
		};
		E948285F1EB5D45400F2D501 /* Release */ = {
			isa = XCBuildConfiguration;
			buildSettings = {
				ALWAYS_EMBED_SWIFT_STANDARD_LIBRARIES = YES;
				INFOPLIST_FILE = CustomTableViewUITests/Info.plist;
				LD_RUNPATH_SEARCH_PATHS = "$(inherited) @executable_path/Frameworks @loader_path/Frameworks";
				PRODUCT_BUNDLE_IDENTIFIER = com.tomozoe.CustomTableViewUITests;
				PRODUCT_NAME = "$(TARGET_NAME)";
				SWIFT_VERSION = 3.0;
				TEST_TARGET_NAME = CustomTableView;
			};
			name = Release;
		};
/* End XCBuildConfiguration section */

/* Begin XCConfigurationList section */
		E948282A1EB5D45400F2D501 /* Build configuration list for PBXProject "CustomTableView" */ = {
			isa = XCConfigurationList;
			buildConfigurations = (
				E94828551EB5D45400F2D501 /* Debug */,
				E94828561EB5D45400F2D501 /* Release */,
			);
			defaultConfigurationIsVisible = 0;
			defaultConfigurationName = Release;
		};
		E94828571EB5D45400F2D501 /* Build configuration list for PBXNativeTarget "CustomTableView" */ = {
			isa = XCConfigurationList;
			buildConfigurations = (
				E94828581EB5D45400F2D501 /* Debug */,
				E94828591EB5D45400F2D501 /* Release */,
			);
			defaultConfigurationIsVisible = 0;
		};
		E948285A1EB5D45400F2D501 /* Build configuration list for PBXNativeTarget "CustomTableViewTests" */ = {
			isa = XCConfigurationList;
			buildConfigurations = (
				E948285B1EB5D45400F2D501 /* Debug */,
				E948285C1EB5D45400F2D501 /* Release */,
			);
			defaultConfigurationIsVisible = 0;
		};
		E948285D1EB5D45400F2D501 /* Build configuration list for PBXNativeTarget "CustomTableViewUITests" */ = {
			isa = XCConfigurationList;
			buildConfigurations = (
				E948285E1EB5D45400F2D501 /* Debug */,
				E948285F1EB5D45400F2D501 /* Release */,
			);
			defaultConfigurationIsVisible = 0;
		};
/* End XCConfigurationList section */
	};
	rootObject = E94828271EB5D45400F2D501 /* Project object */;
}
